
Microsoft Visual Studio Solution File, Format Version 12.00
# Visual Studio Version 16
VisualStudioVersion = 16.0.33130.400
MinimumVisualStudioVersion = 10.0.40219.1
Project("{FAE04EC0-301F-11D3-BF4B-00C04F79EFBC}") = "metrixmove", "metrixmove\metrixmove.csproj", "{32B2845B-53F7-484C-A74D-CEECF59D3A0F}"
EndProject
Global
	GlobalSection(SolutionConfigurationPlatforms) = preSolution
		Debug|Any CPU = Debug|Any CPU
		Release|Any CPU = Release|Any CPU
	EndGlobalSection
	GlobalSection(ProjectConfigurationPlatforms) = postSolution
		{32B2845B-53F7-484C-A74D-CEECF59D3A0F}.Debug|Any CPU.ActiveCfg = Debug|Any CPU
		{32B2845B-53F7-484C-A74D-CEECF59D3A0F}.Debug|Any CPU.Build.0 = Debug|Any CPU
		{32B2845B-53F7-484C-A74D-CEECF59D3A0F}.Release|Any CPU.ActiveCfg = Release|Any CPU
		{32B2845B-53F7-484C-A74D-CEECF59D3A0F}.Release|Any CPU.Build.0 = Release|Any CPU
	EndGlobalSection
	GlobalSection(SolutionProperties) = preSolution
		HideSolutionNode = FALSE
	EndGlobalSection
	GlobalSection(ExtensibilityGlobals) = postSolution
		SolutionGuid = {E0DFFCD3-C1B3-490B-9BED-CC96FA57E20A}
	EndGlobalSection
EndGlobal
